
Microsoft Visual Studio Solution File, Format Version 12.00
# Visual Studio Version 16
VisualStudioVersion = 16.0.30011.22
MinimumVisualStudioVersion = 10.0.40219.1
Project("{FAE04EC0-301F-11D3-BF4B-00C04F79EFBC}") = "MovieToGoAPI", "MovieToGoAPI\MovieToGoAPI.csproj", "{347E7ED9-5A65-4F35-A1D0-8E6A59FE9ACC}"
EndProject
Global
	GlobalSection(SolutionConfigurationPlatforms) = preSolution
		Debug|Any CPU = Debug|Any CPU
		Release|Any CPU = Release|Any CPU
	EndGlobalSection
	GlobalSection(ProjectConfigurationPlatforms) = postSolution
		{347E7ED9-5A65-4F35-A1D0-8E6A59FE9ACC}.Debug|Any CPU.ActiveCfg = Debug|Any CPU
		{347E7ED9-5A65-4F35-A1D0-8E6A59FE9ACC}.Debug|Any CPU.Build.0 = Debug|Any CPU
		{347E7ED9-5A65-4F35-A1D0-8E6A59FE9ACC}.Release|Any CPU.ActiveCfg = Release|Any CPU
		{347E7ED9-5A65-4F35-A1D0-8E6A59FE9ACC}.Release|Any CPU.Build.0 = Release|Any CPU
	EndGlobalSection
	GlobalSection(SolutionProperties) = preSolution
		HideSolutionNode = FALSE
	EndGlobalSection
	GlobalSection(ExtensibilityGlobals) = postSolution
		SolutionGuid = {3478B76C-E714-4902-A528-8A2FAA1E5A8D}
	EndGlobalSection
EndGlobal
