
Microsoft Visual Studio Solution File, Format Version 12.00
# Visual Studio Version 16
VisualStudioVersion = 16.0.29728.190
MinimumVisualStudioVersion = 10.0.40219.1
Project("{FAE04EC0-301F-11D3-BF4B-00C04F79EFBC}") = "BergerSebastien2", "BergerSebastien2\BergerSebastien2.csproj", "{246A8857-E034-4ED1-8393-C6B69C779CBA}"
EndProject
Global
	GlobalSection(SolutionConfigurationPlatforms) = preSolution
		Debug|Any CPU = Debug|Any CPU
		Release|Any CPU = Release|Any CPU
	EndGlobalSection
	GlobalSection(ProjectConfigurationPlatforms) = postSolution
		{246A8857-E034-4ED1-8393-C6B69C779CBA}.Debug|Any CPU.ActiveCfg = Debug|Any CPU
		{246A8857-E034-4ED1-8393-C6B69C779CBA}.Debug|Any CPU.Build.0 = Debug|Any CPU
		{246A8857-E034-4ED1-8393-C6B69C779CBA}.Release|Any CPU.ActiveCfg = Release|Any CPU
		{246A8857-E034-4ED1-8393-C6B69C779CBA}.Release|Any CPU.Build.0 = Release|Any CPU
	EndGlobalSection
	GlobalSection(SolutionProperties) = preSolution
		HideSolutionNode = FALSE
	EndGlobalSection
	GlobalSection(ExtensibilityGlobals) = postSolution
		SolutionGuid = {52FB97DE-31D5-4FB8-9AC2-C08267A77B99}
	EndGlobalSection
EndGlobal
